
Microsoft Visual Studio Solution File, Format Version 12.00
# Visual Studio Version 17
VisualStudioVersion = 17.11.35312.102
MinimumVisualStudioVersion = 10.0.40219.1
Project("{FAE04EC0-301F-11D3-BF4B-00C04F79EFBC}") = "KGLaba2", "KGLaba2\KGLaba2.csproj", "{8031E530-8CDC-4C35-A49D-D6F1C7E290A8}"
EndProject
Global
	GlobalSection(SolutionConfigurationPlatforms) = preSolution
		Debug|Any CPU = Debug|Any CPU
		Release|Any CPU = Release|Any CPU
	EndGlobalSection
	GlobalSection(ProjectConfigurationPlatforms) = postSolution
		{8031E530-8CDC-4C35-A49D-D6F1C7E290A8}.Debug|Any CPU.ActiveCfg = Debug|Any CPU
		{8031E530-8CDC-4C35-A49D-D6F1C7E290A8}.Debug|Any CPU.Build.0 = Debug|Any CPU
		{8031E530-8CDC-4C35-A49D-D6F1C7E290A8}.Release|Any CPU.ActiveCfg = Release|Any CPU
		{8031E530-8CDC-4C35-A49D-D6F1C7E290A8}.Release|Any CPU.Build.0 = Release|Any CPU
	EndGlobalSection
	GlobalSection(SolutionProperties) = preSolution
		HideSolutionNode = FALSE
	EndGlobalSection
	GlobalSection(ExtensibilityGlobals) = postSolution
		SolutionGuid = {177AD3B3-B097-4E00-ACF9-564EEC6B62DF}
	EndGlobalSection
EndGlobal
